{
  "name": "xz",
  "version": "1.0.0",
  "lockfileVersion": 3,
  "requires": true,
  "packages": {
    "": {
      "name": "xz",
      "version": "1.0.0",
      "license": "ISC",
      "dependencies": {
        "file-save": "^0.2.0"
      }
    },
    "node_modules/file-save": {
      "version": "0.2.0",
      "resolved": "https://registry.npmjs.org/file-save/-/file-save-0.2.0.tgz",
      "integrity": "sha512-teMqpbPLBDAHEDAPYEb8fGfng4S6eGZcsN0CLM1ow0w1vtqTMBwNmd82dEc81O3C1BEs1EY8L18Ma6Q6O++v1A==",
      "dependencies": {
        "mkdirp": "~0.5.0"
      }
    },
    "node_modules/minimist": {
      "version": "1.2.8",
      "resolved": "https://registry.npmjs.org/minimist/-/minimist-1.2.8.tgz",
      "integrity": "sha512-2yyAR8qBkN3YuheJanUpWC5U3bb5osDywNB8RzDVlDwDHbocAJveqqj1u8+SVD7jkWT4yvsHCpWqqWqAxb0zCA==",
      "funding": {
        "url": "https://github.com/sponsors/ljharb"
      }
    },
    "node_modules/mkdirp": {
      "version": "0.5.6",
      "resolved": "https://registry.npmjs.org/mkdirp/-/mkdirp-0.5.6.tgz",
      "integrity": "sha512-FP+p8RB8OWpF3YZBCrP5gtADmtXApB5AMLn+vdyA+PyxCjrCs00mjyUozssO33cwDeT3wNGdLxJ5M//YqtHAJw==",
      "dependencies": {
        "minimist": "^1.2.6"
      },
      "bin": {
        "mkdirp": "bin/cmd.js"
      }
    }
  }
}
